
Microsoft Visual Studio Solution File, Format Version 12.00
# Visual Studio Version 16
VisualStudioVersion = 16.0.32106.194
MinimumVisualStudioVersion = 10.0.40219.1
Project("{FAE04EC0-301F-11D3-BF4B-00C04F79EFBC}") = "Shopping.Client", "Shopping.Client\Shopping.Client.csproj", "{85987B2F-E975-4CB0-91E5-A6292AF90576}"
EndProject
Project("{FAE04EC0-301F-11D3-BF4B-00C04F79EFBC}") = "Shopping.API", "Shopping.API\Shopping.API.csproj", "{1A231683-6643-4EFA-8C5C-62E2C2F9F99F}"
EndProject
Global
	GlobalSection(SolutionConfigurationPlatforms) = preSolution
		Debug|Any CPU = Debug|Any CPU
		Release|Any CPU = Release|Any CPU
	EndGlobalSection
	GlobalSection(ProjectConfigurationPlatforms) = postSolution
		{85987B2F-E975-4CB0-91E5-A6292AF90576}.Debug|Any CPU.ActiveCfg = Debug|Any CPU
		{85987B2F-E975-4CB0-91E5-A6292AF90576}.Debug|Any CPU.Build.0 = Debug|Any CPU
		{85987B2F-E975-4CB0-91E5-A6292AF90576}.Release|Any CPU.ActiveCfg = Release|Any CPU
		{85987B2F-E975-4CB0-91E5-A6292AF90576}.Release|Any CPU.Build.0 = Release|Any CPU
		{1A231683-6643-4EFA-8C5C-62E2C2F9F99F}.Debug|Any CPU.ActiveCfg = Debug|Any CPU
		{1A231683-6643-4EFA-8C5C-62E2C2F9F99F}.Debug|Any CPU.Build.0 = Debug|Any CPU
		{1A231683-6643-4EFA-8C5C-62E2C2F9F99F}.Release|Any CPU.ActiveCfg = Release|Any CPU
		{1A231683-6643-4EFA-8C5C-62E2C2F9F99F}.Release|Any CPU.Build.0 = Release|Any CPU
	EndGlobalSection
	GlobalSection(SolutionProperties) = preSolution
		HideSolutionNode = FALSE
	EndGlobalSection
	GlobalSection(ExtensibilityGlobals) = postSolution
		SolutionGuid = {5573764E-2088-4F2A-A90E-2396C0E0CA9B}
	EndGlobalSection
EndGlobal
